// !$*UTF8*$!
{
	archiveVersion = 1;
	classes = {
	};
	objectVersion = 77;
	objects = {

/* Begin PBXContainerItemProxy section */
		E4E5D3892D8F122D00C8D0ED /* PBXContainerItemProxy */ = {
			isa = PBXContainerItemProxy;
			containerPortal = E4E5D36F2D8F122C00C8D0ED /* Project object */;
			proxyType = 1;
			remoteGlobalIDString = E4E5D3762D8F122C00C8D0ED;
			remoteInfo = client_monitor;
		};
		E4E5D3932D8F122D00C8D0ED /* PBXContainerItemProxy */ = {
			isa = PBXContainerItemProxy;
			containerPortal = E4E5D36F2D8F122C00C8D0ED /* Project object */;
			proxyType = 1;
			remoteGlobalIDString = E4E5D3762D8F122C00C8D0ED;
			remoteInfo = client_monitor;
		};
/* End PBXContainerItemProxy section */

/* Begin PBXFileReference section */
		E4E5D3772D8F122C00C8D0ED /* client_monitor.app */ = {isa = PBXFileReference; explicitFileType = wrapper.application; includeInIndex = 0; path = client_monitor.app; sourceTree = BUILT_PRODUCTS_DIR; };
		E4E5D3882D8F122D00C8D0ED /* client_monitorTests.xctest */ = {isa = PBXFileReference; explicitFileType = wrapper.cfbundle; includeInIndex = 0; path = client_monitorTests.xctest; sourceTree = BUILT_PRODUCTS_DIR; };
		E4E5D3922D8F122D00C8D0ED /* client_monitorUITests.xctest */ = {isa = PBXFileReference; explicitFileType = wrapper.cfbundle; includeInIndex = 0; path = client_monitorUITests.xctest; sourceTree = BUILT_PRODUCTS_DIR; };
/* End PBXFileReference section */

/* Begin PBXFileSystemSynchronizedRootGroup section */
		E4E5D3792D8F122C00C8D0ED /* client_monitor */ = {
			isa = PBXFileSystemSynchronizedRootGroup;
			path = client_monitor;
			sourceTree = "<group>";
		};
		E4E5D38B2D8F122D00C8D0ED /* client_monitorTests */ = {
			isa = PBXFileSystemSynchronizedRootGroup;
			path = client_monitorTests;
			sourceTree = "<group>";
		};
		E4E5D3952D8F122D00C8D0ED /* client_monitorUITests */ = {
			isa = PBXFileSystemSynchronizedRootGroup;
			path = client_monitorUITests;
			sourceTree = "<group>";
		};
/* End PBXFileSystemSynchronizedRootGroup section */

/* Begin PBXFrameworksBuildPhase section */
		E4E5D3742D8F122C00C8D0ED /* Frameworks */ = {
			isa = PBXFrameworksBuildPhase;
			buildActionMask = 2147483647;
			files = (
			);
			runOnlyForDeploymentPostprocessing = 0;
		};
		E4E5D3852D8F122D00C8D0ED /* Frameworks */ = {
			isa = PBXFrameworksBuildPhase;
			buildActionMask = 2147483647;
			files = (
			);
			runOnlyForDeploymentPostprocessing = 0;
		};
		E4E5D38F2D8F122D00C8D0ED /* Frameworks */ = {
			isa = PBXFrameworksBuildPhase;
			buildActionMask = 2147483647;
			files = (
			);
			runOnlyForDeploymentPostprocessing = 0;
		};
/* End PBXFrameworksBuildPhase section */

/* Begin PBXGroup section */
		E4E5D36E2D8F122C00C8D0ED = {
			isa = PBXGroup;
			children = (
				E4E5D3792D8F122C00C8D0ED /* client_monitor */,
				E4E5D38B2D8F122D00C8D0ED /* client_monitorTests */,
				E4E5D3952D8F122D00C8D0ED /* client_monitorUITests */,
				E4E5D3782D8F122C00C8D0ED /* Products */,
			);
			sourceTree = "<group>";
		};
		E4E5D3782D8F122C00C8D0ED /* Products */ = {
			isa = PBXGroup;
			children = (
				E4E5D3772D8F122C00C8D0ED /* client_monitor.app */,
				E4E5D3882D8F122D00C8D0ED /* client_monitorTests.xctest */,
				E4E5D3922D8F122D00C8D0ED /* client_monitorUITests.xctest */,
			);
			name = Products;
			sourceTree = "<group>";
		};
/* End PBXGroup section */

/* Begin PBXNativeTarget section */
		E4E5D3762D8F122C00C8D0ED /* client_monitor */ = {
			isa = PBXNativeTarget;
			buildConfigurationList = E4E5D39C2D8F122D00C8D0ED /* Build configuration list for PBXNativeTarget "client_monitor" */;
			buildPhases = (
				E4E5D3732D8F122C00C8D0ED /* Sources */,
				E4E5D3742D8F122C00C8D0ED /* Frameworks */,
				E4E5D3752D8F122C00C8D0ED /* Resources */,
			);
			buildRules = (
			);
			dependencies = (
			);
			fileSystemSynchronizedGroups = (
				E4E5D3792D8F122C00C8D0ED /* client_monitor */,
			);
			name = client_monitor;
			packageProductDependencies = (
			);
			productName = client_monitor;
			productReference = E4E5D3772D8F122C00C8D0ED /* client_monitor.app */;
			productType = "com.apple.product-type.application";
		};
		E4E5D3872D8F122D00C8D0ED /* client_monitorTests */ = {
			isa = PBXNativeTarget;
			buildConfigurationList = E4E5D39F2D8F122D00C8D0ED /* Build configuration list for PBXNativeTarget "client_monitorTests" */;
			buildPhases = (
				E4E5D3842D8F122D00C8D0ED /* Sources */,
				E4E5D3852D8F122D00C8D0ED /* Frameworks */,
				E4E5D3862D8F122D00C8D0ED /* Resources */,
			);
			buildRules = (
			);
			dependencies = (
				E4E5D38A2D8F122D00C8D0ED /* PBXTargetDependency */,
			);
			fileSystemSynchronizedGroups = (
				E4E5D38B2D8F122D00C8D0ED /* client_monitorTests */,
			);
			name = client_monitorTests;
			packageProductDependencies = (
			);
			productName = client_monitorTests;
			productReference = E4E5D3882D8F122D00C8D0ED /* client_monitorTests.xctest */;
			productType = "com.apple.product-type.bundle.unit-test";
		};
		E4E5D3912D8F122D00C8D0ED /* client_monitorUITests */ = {
			isa = PBXNativeTarget;
			buildConfigurationList = E4E5D3A22D8F122D00C8D0ED /* Build configuration list for PBXNativeTarget "client_monitorUITests" */;
			buildPhases = (
				E4E5D38E2D8F122D00C8D0ED /* Sources */,
				E4E5D38F2D8F122D00C8D0ED /* Frameworks */,
				E4E5D3902D8F122D00C8D0ED /* Resources */,
			);
			buildRules = (
			);
			dependencies = (
				E4E5D3942D8F122D00C8D0ED /* PBXTargetDependency */,
			);
			fileSystemSynchronizedGroups = (
				E4E5D3952D8F122D00C8D0ED /* client_monitorUITests */,
			);
			name = client_monitorUITests;
			packageProductDependencies = (
			);
			productName = client_monitorUITests;
			productReference = E4E5D3922D8F122D00C8D0ED /* client_monitorUITests.xctest */;
			productType = "com.apple.product-type.bundle.ui-testing";
		};
/* End PBXNativeTarget section */

/* Begin PBXProject section */
		E4E5D36F2D8F122C00C8D0ED /* Project object */ = {
			isa = PBXProject;
			attributes = {
				BuildIndependentTargetsInParallel = 1;
				LastSwiftUpdateCheck = 1620;
				LastUpgradeCheck = 1620;
				TargetAttributes = {
					E4E5D3762D8F122C00C8D0ED = {
						CreatedOnToolsVersion = 16.2;
					};
					E4E5D3872D8F122D00C8D0ED = {
						CreatedOnToolsVersion = 16.2;
						TestTargetID = E4E5D3762D8F122C00C8D0ED;
					};
					E4E5D3912D8F122D00C8D0ED = {
						CreatedOnToolsVersion = 16.2;
						TestTargetID = E4E5D3762D8F122C00C8D0ED;
					};
				};
			};
			buildConfigurationList = E4E5D3722D8F122C00C8D0ED /* Build configuration list for PBXProject "client_monitor" */;
			developmentRegion = en;
			hasScannedForEncodings = 0;
			knownRegions = (
				en,
				Base,
			);
			mainGroup = E4E5D36E2D8F122C00C8D0ED;
			minimizedProjectReferenceProxies = 1;
			preferredProjectObjectVersion = 77;
			productRefGroup = E4E5D3782D8F122C00C8D0ED /* Products */;
			projectDirPath = "";
			projectRoot = "";
			targets = (
				E4E5D3762D8F122C00C8D0ED /* client_monitor */,
				E4E5D3872D8F122D00C8D0ED /* client_monitorTests */,
				E4E5D3912D8F122D00C8D0ED /* client_monitorUITests */,
			);
		};
/* End PBXProject section */

/* Begin PBXResourcesBuildPhase section */
		E4E5D3752D8F122C00C8D0ED /* Resources */ = {
			isa = PBXResourcesBuildPhase;
			buildActionMask = 2147483647;
			files = (
			);
			runOnlyForDeploymentPostprocessing = 0;
		};
		E4E5D3862D8F122D00C8D0ED /* Resources */ = {
			isa = PBXResourcesBuildPhase;
			buildActionMask = 2147483647;
			files = (
			);
			runOnlyForDeploymentPostprocessing = 0;
		};
		E4E5D3902D8F122D00C8D0ED /* Resources */ = {
			isa = PBXResourcesBuildPhase;
			buildActionMask = 2147483647;
			files = (
			);
			runOnlyForDeploymentPostprocessing = 0;
		};
/* End PBXResourcesBuildPhase section */

/* Begin PBXSourcesBuildPhase section */
		E4E5D3732D8F122C00C8D0ED /* Sources */ = {
			isa = PBXSourcesBuildPhase;
			buildActionMask = 2147483647;
			files = (
			);
			runOnlyForDeploymentPostprocessing = 0;
		};
		E4E5D3842D8F122D00C8D0ED /* Sources */ = {
			isa = PBXSourcesBuildPhase;
			buildActionMask = 2147483647;
			files = (
			);
			runOnlyForDeploymentPostprocessing = 0;
		};
		E4E5D38E2D8F122D00C8D0ED /* Sources */ = {
			isa = PBXSourcesBuildPhase;
			buildActionMask = 2147483647;
			files = (
			);
			runOnlyForDeploymentPostprocessing = 0;
		};
/* End PBXSourcesBuildPhase section */

/* Begin PBXTargetDependency section */
		E4E5D38A2D8F122D00C8D0ED /* PBXTargetDependency */ = {
			isa = PBXTargetDependency;
			target = E4E5D3762D8F122C00C8D0ED /* client_monitor */;
			targetProxy = E4E5D3892D8F122D00C8D0ED /* PBXContainerItemProxy */;
		};
		E4E5D3942D8F122D00C8D0ED /* PBXTargetDependency */ = {
			isa = PBXTargetDependency;
			target = E4E5D3762D8F122C00C8D0ED /* client_monitor */;
			targetProxy = E4E5D3932D8F122D00C8D0ED /* PBXContainerItemProxy */;
		};
/* End PBXTargetDependency section */

/* Begin XCBuildConfiguration section */
		E4E5D39A2D8F122D00C8D0ED /* Debug */ = {
			isa = XCBuildConfiguration;
			buildSettings = {
				ALWAYS_SEARCH_USER_PATHS = NO;
				ASSETCATALOG_COMPILER_GENERATE_SWIFT_ASSET_SYMBOL_EXTENSIONS = YES;
				CLANG_ANALYZER_NONNULL = YES;
				CLANG_ANALYZER_NUMBER_OBJECT_CONVERSION = YES_AGGRESSIVE;
				CLANG_CXX_LANGUAGE_STANDARD = "gnu++20";
				CLANG_ENABLE_MODULES = YES;
				CLANG_ENABLE_OBJC_ARC = YES;
				CLANG_ENABLE_OBJC_WEAK = YES;
				CLANG_WARN_BLOCK_CAPTURE_AUTORELEASING = YES;
				CLANG_WARN_BOOL_CONVERSION = YES;
				CLANG_WARN_COMMA = YES;
				CLANG_WARN_CONSTANT_CONVERSION = YES;
				CLANG_WARN_DEPRECATED_OBJC_IMPLEMENTATIONS = YES;
				CLANG_WARN_DIRECT_OBJC_ISA_USAGE = YES_ERROR;
				CLANG_WARN_DOCUMENTATION_COMMENTS = YES;
				CLANG_WARN_EMPTY_BODY = YES;
				CLANG_WARN_ENUM_CONVERSION = YES;
				CLANG_WARN_INFINITE_RECURSION = YES;
				CLANG_WARN_INT_CONVERSION = YES;
				CLANG_WARN_NON_LITERAL_NULL_CONVERSION = YES;
				CLANG_WARN_OBJC_IMPLICIT_RETAIN_SELF = YES;
				CLANG_WARN_OBJC_LITERAL_CONVERSION = YES;
				CLANG_WARN_OBJC_ROOT_CLASS = YES_ERROR;
				CLANG_WARN_QUOTED_INCLUDE_IN_FRAMEWORK_HEADER = YES;
				CLANG_WARN_RANGE_LOOP_ANALYSIS = YES;
				CLANG_WARN_STRICT_PROTOTYPES = YES;
				CLANG_WARN_SUSPICIOUS_MOVE = YES;
				CLANG_WARN_UNGUARDED_AVAILABILITY = YES_AGGRESSIVE;
				CLANG_WARN_UNREACHABLE_CODE = YES;
				CLANG_WARN__DUPLICATE_METHOD_MATCH = YES;
				COPY_PHASE_STRIP = NO;
				DEBUG_INFORMATION_FORMAT = dwarf;
				ENABLE_STRICT_OBJC_MSGSEND = YES;
				ENABLE_TESTABILITY = YES;
				ENABLE_USER_SCRIPT_SANDBOXING = YES;
				GCC_C_LANGUAGE_STANDARD = gnu17;
				GCC_DYNAMIC_NO_PIC = NO;
				GCC_NO_COMMON_BLOCKS = YES;
				GCC_OPTIMIZATION_LEVEL = 0;
				GCC_PREPROCESSOR_DEFINITIONS = (
					"DEBUG=1",
					"$(inherited)",
				);
				GCC_WARN_64_TO_32_BIT_CONVERSION = YES;
				GCC_WARN_ABOUT_RETURN_TYPE = YES_ERROR;
				GCC_WARN_UNDECLARED_SELECTOR = YES;
				GCC_WARN_UNINITIALIZED_AUTOS = YES_AGGRESSIVE;
				GCC_WARN_UNUSED_FUNCTION = YES;
				GCC_WARN_UNUSED_VARIABLE = YES;
				LOCALIZATION_PREFERS_STRING_CATALOGS = YES;
				MACOSX_DEPLOYMENT_TARGET = 15.2;
				MTL_ENABLE_DEBUG_INFO = INCLUDE_SOURCE;
				MTL_FAST_MATH = YES;
				ONLY_ACTIVE_ARCH = YES;
				SDKROOT = macosx;
				SWIFT_ACTIVE_COMPILATION_CONDITIONS = "DEBUG $(inherited)";
				SWIFT_OPTIMIZATION_LEVEL = "-Onone";
			};
			name = Debug;
		};
		E4E5D39B2D8F122D00C8D0ED /* Release */ = {
			isa = XCBuildConfiguration;
			buildSettings = {
				ALWAYS_SEARCH_USER_PATHS = NO;
				ASSETCATALOG_COMPILER_GENERATE_SWIFT_ASSET_SYMBOL_EXTENSIONS = YES;
				CLANG_ANALYZER_NONNULL = YES;
				CLANG_ANALYZER_NUMBER_OBJECT_CONVERSION = YES_AGGRESSIVE;
				CLANG_CXX_LANGUAGE_STANDARD = "gnu++20";
				CLANG_ENABLE_MODULES = YES;
				CLANG_ENABLE_OBJC_ARC = YES;
				CLANG_ENABLE_OBJC_WEAK = YES;
				CLANG_WARN_BLOCK_CAPTURE_AUTORELEASING = YES;
				CLANG_WARN_BOOL_CONVERSION = YES;
				CLANG_WARN_COMMA = YES;
				CLANG_WARN_CONSTANT_CONVERSION = YES;
				CLANG_WARN_DEPRECATED_OBJC_IMPLEMENTATIONS = YES;
				CLANG_WARN_DIRECT_OBJC_ISA_USAGE = YES_ERROR;
				CLANG_WARN_DOCUMENTATION_COMMENTS = YES;
				CLANG_WARN_EMPTY_BODY = YES;
				CLANG_WARN_ENUM_CONVERSION = YES;
				CLANG_WARN_INFINITE_RECURSION = YES;
				CLANG_WARN_INT_CONVERSION = YES;
				CLANG_WARN_NON_LITERAL_NULL_CONVERSION = YES;
				CLANG_WARN_OBJC_IMPLICIT_RETAIN_SELF = YES;
				CLANG_WARN_OBJC_LITERAL_CONVERSION = YES;
				CLANG_WARN_OBJC_ROOT_CLASS = YES_ERROR;
				CLANG_WARN_QUOTED_INCLUDE_IN_FRAMEWORK_HEADER = YES;
				CLANG_WARN_RANGE_LOOP_ANALYSIS = YES;
				CLANG_WARN_STRICT_PROTOTYPES = YES;
				CLANG_WARN_SUSPICIOUS_MOVE = YES;
				CLANG_WARN_UNGUARDED_AVAILABILITY = YES_AGGRESSIVE;
				CLANG_WARN_UNREACHABLE_CODE = YES;
				CLANG_WARN__DUPLICATE_METHOD_MATCH = YES;
				COPY_PHASE_STRIP = NO;
				DEBUG_INFORMATION_FORMAT = "dwarf-with-dsym";
				ENABLE_NS_ASSERTIONS = NO;
				ENABLE_STRICT_OBJC_MSGSEND = YES;
				ENABLE_USER_SCRIPT_SANDBOXING = YES;
				GCC_C_LANGUAGE_STANDARD = gnu17;
				GCC_NO_COMMON_BLOCKS = YES;
				GCC_WARN_64_TO_32_BIT_CONVERSION = YES;
				GCC_WARN_ABOUT_RETURN_TYPE = YES_ERROR;
				GCC_WARN_UNDECLARED_SELECTOR = YES;
				GCC_WARN_UNINITIALIZED_AUTOS = YES_AGGRESSIVE;
				GCC_WARN_UNUSED_FUNCTION = YES;
				GCC_WARN_UNUSED_VARIABLE = YES;
				LOCALIZATION_PREFERS_STRING_CATALOGS = YES;
				MACOSX_DEPLOYMENT_TARGET = 15.2;
				MTL_ENABLE_DEBUG_INFO = NO;
				MTL_FAST_MATH = YES;
				SDKROOT = macosx;
				SWIFT_COMPILATION_MODE = wholemodule;
			};
			name = Release;
		};
		E4E5D39D2D8F122D00C8D0ED /* Debug */ = {
			isa = XCBuildConfiguration;
			buildSettings = {
				ASSETCATALOG_COMPILER_APPICON_NAME = AppIcon;
				ASSETCATALOG_COMPILER_GLOBAL_ACCENT_COLOR_NAME = AccentColor;
				CODE_SIGN_ENTITLEMENTS = client_monitor/client_monitor.entitlements;
				CODE_SIGN_STYLE = Automatic;
				COMBINE_HIDPI_IMAGES = YES;
				CURRENT_PROJECT_VERSION = 1;
				DEVELOPMENT_ASSET_PATHS = "\"client_monitor/Preview Content\"";
				DEVELOPMENT_TEAM = 2DZDJW27LX;
				ENABLE_HARDENED_RUNTIME = YES;
				ENABLE_PREVIEWS = YES;
				GENERATE_INFOPLIST_FILE = YES;
				INFOPLIST_FILE = "client-monitor-Info.plist";
				INFOPLIST_KEY_NSHumanReadableCopyright = "";
				LD_RUNPATH_SEARCH_PATHS = (
					"$(inherited)",
					"@executable_path/../Frameworks",
				);
				MARKETING_VERSION = 1.0;
				PRODUCT_BUNDLE_IDENTIFIER = "com.subaash.client-monitor";
				PRODUCT_NAME = "$(TARGET_NAME)";
				SWIFT_EMIT_LOC_STRINGS = YES;
				SWIFT_VERSION = 5.0;
			};
			name = Debug;
		};
		E4E5D39E2D8F122D00C8D0ED /* Release */ = {
			isa = XCBuildConfiguration;
			buildSettings = {
				ASSETCATALOG_COMPILER_APPICON_NAME = AppIcon;
				ASSETCATALOG_COMPILER_GLOBAL_ACCENT_COLOR_NAME = AccentColor;
				CODE_SIGN_ENTITLEMENTS = client_monitor/client_monitor.entitlements;
				CODE_SIGN_STYLE = Automatic;
				COMBINE_HIDPI_IMAGES = YES;
				CURRENT_PROJECT_VERSION = 1;
				DEVELOPMENT_ASSET_PATHS = "\"client_monitor/Preview Content\"";
				DEVELOPMENT_TEAM = 2DZDJW27LX;
				ENABLE_HARDENED_RUNTIME = YES;
				ENABLE_PREVIEWS = YES;
				GENERATE_INFOPLIST_FILE = YES;
				INFOPLIST_FILE = "client-monitor-Info.plist";
				INFOPLIST_KEY_NSHumanReadableCopyright = "";
				LD_RUNPATH_SEARCH_PATHS = (
					"$(inherited)",
					"@executable_path/../Frameworks",
				);
				MARKETING_VERSION = 1.0;
				PRODUCT_BUNDLE_IDENTIFIER = "com.subaash.client-monitor";
				PRODUCT_NAME = "$(TARGET_NAME)";
				SWIFT_EMIT_LOC_STRINGS = YES;
				SWIFT_VERSION = 5.0;
			};
			name = Release;
		};
		E4E5D3A02D8F122D00C8D0ED /* Debug */ = {
			isa = XCBuildConfiguration;
			buildSettings = {
				BUNDLE_LOADER = "$(TEST_HOST)";
				CODE_SIGN_STYLE = Automatic;
				CURRENT_PROJECT_VERSION = 1;
				DEVELOPMENT_TEAM = 2DZDJW27LX;
				GENERATE_INFOPLIST_FILE = YES;
				MACOSX_DEPLOYMENT_TARGET = 15.2;
				MARKETING_VERSION = 1.0;
				PRODUCT_BUNDLE_IDENTIFIER = "com.subaash.client-monitorTests";
				PRODUCT_NAME = "$(TARGET_NAME)";
				SWIFT_EMIT_LOC_STRINGS = NO;
				SWIFT_VERSION = 5.0;
				TEST_HOST = "$(BUILT_PRODUCTS_DIR)/client_monitor.app/$(BUNDLE_EXECUTABLE_FOLDER_PATH)/client_monitor";
			};
			name = Debug;
		};
		E4E5D3A12D8F122D00C8D0ED /* Release */ = {
			isa = XCBuildConfiguration;
			buildSettings = {
				BUNDLE_LOADER = "$(TEST_HOST)";
				CODE_SIGN_STYLE = Automatic;
				CURRENT_PROJECT_VERSION = 1;
				DEVELOPMENT_TEAM = 2DZDJW27LX;
				GENERATE_INFOPLIST_FILE = YES;
				MACOSX_DEPLOYMENT_TARGET = 15.2;
				MARKETING_VERSION = 1.0;
				PRODUCT_BUNDLE_IDENTIFIER = "com.subaash.client-monitorTests";
				PRODUCT_NAME = "$(TARGET_NAME)";
				SWIFT_EMIT_LOC_STRINGS = NO;
				SWIFT_VERSION = 5.0;
				TEST_HOST = "$(BUILT_PRODUCTS_DIR)/client_monitor.app/$(BUNDLE_EXECUTABLE_FOLDER_PATH)/client_monitor";
			};
			name = Release;
		};
		E4E5D3A32D8F122D00C8D0ED /* Debug */ = {
			isa = XCBuildConfiguration;
			buildSettings = {
				CODE_SIGN_STYLE = Automatic;
				CURRENT_PROJECT_VERSION = 1;
				DEVELOPMENT_TEAM = 2DZDJW27LX;
				GENERATE_INFOPLIST_FILE = YES;
				MARKETING_VERSION = 1.0;
				PRODUCT_BUNDLE_IDENTIFIER = "com.subaash.client-monitorUITests";
				PRODUCT_NAME = "$(TARGET_NAME)";
				SWIFT_EMIT_LOC_STRINGS = NO;
				SWIFT_VERSION = 5.0;
				TEST_TARGET_NAME = client_monitor;
			};
			name = Debug;
		};
		E4E5D3A42D8F122D00C8D0ED /* Release */ = {
			isa = XCBuildConfiguration;
			buildSettings = {
				CODE_SIGN_STYLE = Automatic;
				CURRENT_PROJECT_VERSION = 1;
				DEVELOPMENT_TEAM = 2DZDJW27LX;
				GENERATE_INFOPLIST_FILE = YES;
				MARKETING_VERSION = 1.0;
				PRODUCT_BUNDLE_IDENTIFIER = "com.subaash.client-monitorUITests";
				PRODUCT_NAME = "$(TARGET_NAME)";
				SWIFT_EMIT_LOC_STRINGS = NO;
				SWIFT_VERSION = 5.0;
				TEST_TARGET_NAME = client_monitor;
			};
			name = Release;
		};
/* End XCBuildConfiguration section */

/* Begin XCConfigurationList section */
		E4E5D3722D8F122C00C8D0ED /* Build configuration list for PBXProject "client_monitor" */ = {
			isa = XCConfigurationList;
			buildConfigurations = (
				E4E5D39A2D8F122D00C8D0ED /* Debug */,
				E4E5D39B2D8F122D00C8D0ED /* Release */,
			);
			defaultConfigurationIsVisible = 0;
			defaultConfigurationName = Release;
		};
		E4E5D39C2D8F122D00C8D0ED /* Build configuration list for PBXNativeTarget "client_monitor" */ = {
			isa = XCConfigurationList;
			buildConfigurations = (
				E4E5D39D2D8F122D00C8D0ED /* Debug */,
				E4E5D39E2D8F122D00C8D0ED /* Release */,
			);
			defaultConfigurationIsVisible = 0;
			defaultConfigurationName = Release;
		};
		E4E5D39F2D8F122D00C8D0ED /* Build configuration list for PBXNativeTarget "client_monitorTests" */ = {
			isa = XCConfigurationList;
			buildConfigurations = (
				E4E5D3A02D8F122D00C8D0ED /* Debug */,
				E4E5D3A12D8F122D00C8D0ED /* Release */,
			);
			defaultConfigurationIsVisible = 0;
			defaultConfigurationName = Release;
		};
		E4E5D3A22D8F122D00C8D0ED /* Build configuration list for PBXNativeTarget "client_monitorUITests" */ = {
			isa = XCConfigurationList;
			buildConfigurations = (
				E4E5D3A32D8F122D00C8D0ED /* Debug */,
				E4E5D3A42D8F122D00C8D0ED /* Release */,
			);
			defaultConfigurationIsVisible = 0;
			defaultConfigurationName = Release;
		};
/* End XCConfigurationList section */
	};
	rootObject = E4E5D36F2D8F122C00C8D0ED /* Project object */;
}
